{
  "name": "wilmer-bot",
  "version": "1.0.0",
  "lockfileVersion": 3,
  "requires": true,
  "packages": {
    "": {
      "name": "wilmer-bot",
      "version": "1.0.0",
      "dependencies": {
        "@roamhq/wrtc": "^0.9.1",
        "@voltchat/wire": "file:../Wire",
        "fluent-ffmpeg": "^2.1.3",
        "https": "^1.0.0"
      }
    },
    "../..": {},
    "../Wire": {
      "name": "@voltchat/wire",
      "version": "1.3.0",
      "license": "MIT",
      "dependencies": {
        "socket.io-client": "^4.7.0"
      },
      "engines": {
        "node": ">=18.0.0"
      },
      "peerDependencies": {
        "@roamhq/wrtc": "^0.9.1"
      },
      "peerDependenciesMeta": {
        "@roamhq/wrtc": {
          "optional": true
        }
      }
    },
    "node_modules/@roamhq/wrtc": {
      "version": "0.9.1",
      "resolved": "https://registry.npmjs.org/@roamhq/wrtc/-/wrtc-0.9.1.tgz",
      "integrity": "sha512-WQH9DaN3kGv9+wxeRtxkSykmVQWl44VTX9XsMLmR5jtcsGxin+72U9uGlDjME0gwNNBHDKY3CgUGYI8ZYg8Jdw==",
      "license": "BSD-2-Clause",
      "optionalDependencies": {
        "@roamhq/wrtc-darwin-arm64": "0.9.1",
        "@roamhq/wrtc-darwin-x64": "0.9.1",
        "@roamhq/wrtc-linux-arm64": "0.9.1",
        "@roamhq/wrtc-linux-x64": "0.9.1",
        "@roamhq/wrtc-win32-x64": "0.9.1",
        "domexception": "^4.0.0"
      }
    },
    "node_modules/@roamhq/wrtc-darwin-arm64": {
      "version": "0.9.1",
      "resolved": "https://registry.npmjs.org/@roamhq/wrtc-darwin-arm64/-/wrtc-darwin-arm64-0.9.1.tgz",
      "integrity": "sha512-+g0+nLeZrsAeuzD663y9wbkRns8s/u5nMt/swiUa0G0mQaIRc7zSe77gRGd3E4lMgQ2VyUMV607SCM1OjVdmyg==",
      "cpu": [
        "arm64"
      ],
      "license": "BSD-2-Clause",
      "optional": true,
      "os": [
        "darwin"
      ]
    },
    "node_modules/@roamhq/wrtc-darwin-x64": {
      "version": "0.9.1",
      "resolved": "https://registry.npmjs.org/@roamhq/wrtc-darwin-x64/-/wrtc-darwin-x64-0.9.1.tgz",
      "integrity": "sha512-W24zSe9s6c9Tu1owP8RHg7xqW/JRMl6TRAf8pLWGgXuIeI79jVx1A9MvKTlwLM4AAZmWY0rMHYOzJg6aTb+qkQ==",
      "cpu": [
        "x64"
      ],
      "license": "BSD-2-Clause",
      "optional": true,
      "os": [
        "darwin"
      ]
    },
    "node_modules/@roamhq/wrtc-linux-arm64": {
      "version": "0.9.1",
      "resolved": "https://registry.npmjs.org/@roamhq/wrtc-linux-arm64/-/wrtc-linux-arm64-0.9.1.tgz",
      "integrity": "sha512-PeXkYGNcojjXvpHbI+R/YIUUkTWVrFaS5iQD55iGYbGBcBzU23wzpK0x/TvCQ0Ok4gimK985tgHKimbsVrs2Yw==",
      "cpu": [
        "arm64"
      ],
      "license": "BSD-2-Clause",
      "optional": true,
      "os": [
        "linux"
      ]
    },
    "node_modules/@roamhq/wrtc-linux-x64": {
      "version": "0.9.1",
      "resolved": "https://registry.npmjs.org/@roamhq/wrtc-linux-x64/-/wrtc-linux-x64-0.9.1.tgz",
      "integrity": "sha512-LuhzPdMM3i8vs/ifdj1F1pjpX2OhJSCWdh03UQXjRHoX+Fi1oJXiZRwKoVKu1BbsKCYfJ8m9jZB1ZU4Lhi8yHw==",
      "cpu": [
        "x64"
      ],
      "license": "BSD-2-Clause",
      "optional": true,
      "os": [
        "linux"
      ]
    },
    "node_modules/@roamhq/wrtc-win32-x64": {
      "version": "0.9.1",
      "resolved": "https://registry.npmjs.org/@roamhq/wrtc-win32-x64/-/wrtc-win32-x64-0.9.1.tgz",
      "integrity": "sha512-xyxqCpHxp71MY/3LaFTj3WDvOnu8GaDht1M0LAIGamwkQUg45X/zkzbfeIS7g8f/ZvItAjFa6cUkSUuhK3/rGg==",
      "cpu": [
        "x64"
      ],
      "license": "BSD-2-Clause",
      "optional": true,
      "os": [
        "win32"
      ]
    },
    "node_modules/@voltchat/wire": {
      "resolved": "../Wire",
      "link": true
    },
    "node_modules/async": {
      "version": "0.2.10",
      "resolved": "https://registry.npmjs.org/async/-/async-0.2.10.tgz",
      "integrity": "sha512-eAkdoKxU6/LkKDBzLpT+t6Ff5EtfSF4wx1WfJiPEEV7WNLnDaRXk0oVysiEPm262roaachGexwUv94WhSgN5TQ=="
    },
    "node_modules/domexception": {
      "version": "4.0.0",
      "resolved": "https://registry.npmjs.org/domexception/-/domexception-4.0.0.tgz",
      "integrity": "sha512-A2is4PLG+eeSfoTMA95/s4pvAoSo2mKtiM5jlHkAVewmiO8ISFTFKZjH7UAM1Atli/OT/7JHOrJRJiMKUZKYBw==",
      "deprecated": "Use your platform's native DOMException instead",
      "license": "MIT",
      "optional": true,
      "dependencies": {
        "webidl-conversions": "^7.0.0"
      },
      "engines": {
        "node": ">=12"
      }
    },
    "node_modules/fluent-ffmpeg": {
      "version": "2.1.3",
      "resolved": "https://registry.npmjs.org/fluent-ffmpeg/-/fluent-ffmpeg-2.1.3.tgz",
      "integrity": "sha512-Be3narBNt2s6bsaqP6Jzq91heDgOEaDCJAXcE3qcma/EJBSy5FB4cvO31XBInuAuKBx8Kptf8dkhjK0IOru39Q==",
      "deprecated": "Package no longer supported. Contact Support at https://www.npmjs.com/support for more info.",
      "license": "MIT",
      "dependencies": {
        "async": "^0.2.9",
        "which": "^1.1.1"
      },
      "engines": {
        "node": ">=18"
      }
    },
    "node_modules/https": {
      "version": "1.0.0",
      "resolved": "https://registry.npmjs.org/https/-/https-1.0.0.tgz",
      "integrity": "sha512-4EC57ddXrkaF0x83Oj8sM6SLQHAWXw90Skqu2M4AEWENZ3F02dFJE/GARA8igO79tcgYqGrD7ae4f5L3um2lgg==",
      "license": "ISC"
    },
    "node_modules/isexe": {
      "version": "2.0.0",
      "resolved": "https://registry.npmjs.org/isexe/-/isexe-2.0.0.tgz",
      "integrity": "sha512-RHxMLp9lnKHGHRng9QFhRCMbYAcVpn69smSGcq3f36xjgVVWThj4qqLbTLlq7Ssj8B+fIQ1EuCEGI2lKsyQeIw==",
      "license": "ISC"
    },
    "node_modules/webidl-conversions": {
      "version": "7.0.0",
      "resolved": "https://registry.npmjs.org/webidl-conversions/-/webidl-conversions-7.0.0.tgz",
      "integrity": "sha512-VwddBukDzu71offAQR975unBIGqfKZpM+8ZX6ySk8nYhVoo5CYaZyzt3YBvYtRtO+aoGlqxPg/B87NGVZ/fu6g==",
      "license": "BSD-2-Clause",
      "optional": true,
      "engines": {
        "node": ">=12"
      }
    },
    "node_modules/which": {
      "version": "1.3.1",
      "resolved": "https://registry.npmjs.org/which/-/which-1.3.1.tgz",
      "integrity": "sha512-HxJdYWq1MTIQbJ3nw0cqssHoTNU267KlrDuGZ1WYlxDStUtKUhOaJmh112/TZmHxxUfuJqPXSOm7tDyas0OSIQ==",
      "license": "ISC",
      "dependencies": {
        "isexe": "^2.0.0"
      },
      "bin": {
        "which": "bin/which"
      }
    }
  }
}
